
Microsoft Visual Studio Solution File, Format Version 12.00
# Visual Studio Version 16
VisualStudioVersion = 16.0.30717.126
MinimumVisualStudioVersion = 10.0.40219.1
Project("{FAE04EC0-301F-11D3-BF4B-00C04F79EFBC}") = "GestionDonaciones", "GestionDonaciones.csproj", "{FB2BEE47-7FC3-4063-861C-5A7E50E9E80B}"
EndProject
Global
	GlobalSection(SolutionConfigurationPlatforms) = preSolution
		Debug|Any CPU = Debug|Any CPU
		Release|Any CPU = Release|Any CPU
	EndGlobalSection
	GlobalSection(ProjectConfigurationPlatforms) = postSolution
		{FB2BEE47-7FC3-4063-861C-5A7E50E9E80B}.Debug|Any CPU.ActiveCfg = Debug|Any CPU
		{FB2BEE47-7FC3-4063-861C-5A7E50E9E80B}.Debug|Any CPU.Build.0 = Debug|Any CPU
		{FB2BEE47-7FC3-4063-861C-5A7E50E9E80B}.Release|Any CPU.ActiveCfg = Release|Any CPU
		{FB2BEE47-7FC3-4063-861C-5A7E50E9E80B}.Release|Any CPU.Build.0 = Release|Any CPU
	EndGlobalSection
	GlobalSection(SolutionProperties) = preSolution
		HideSolutionNode = FALSE
	EndGlobalSection
	GlobalSection(ExtensibilityGlobals) = postSolution
		SolutionGuid = {3F707E1D-EFDE-4C48-94CA-93C038F29CFB}
	EndGlobalSection
EndGlobal
